
Microsoft Visual Studio Solution File, Format Version 12.00
# Visual Studio Version 16
VisualStudioVersion = 16.0.31205.134
MinimumVisualStudioVersion = 10.0.40219.1
Project("{FAE04EC0-301F-11D3-BF4B-00C04F79EFBC}") = "HairdresserCalendar", "HairdresserCalendar\HairdresserCalendar.csproj", "{06CADE0A-B424-427F-9F19-02D09B889261}"
EndProject
Global
	GlobalSection(SolutionConfigurationPlatforms) = preSolution
		Debug|Any CPU = Debug|Any CPU
		Release|Any CPU = Release|Any CPU
	EndGlobalSection
	GlobalSection(ProjectConfigurationPlatforms) = postSolution
		{06CADE0A-B424-427F-9F19-02D09B889261}.Debug|Any CPU.ActiveCfg = Debug|Any CPU
		{06CADE0A-B424-427F-9F19-02D09B889261}.Debug|Any CPU.Build.0 = Debug|Any CPU
		{06CADE0A-B424-427F-9F19-02D09B889261}.Release|Any CPU.ActiveCfg = Release|Any CPU
		{06CADE0A-B424-427F-9F19-02D09B889261}.Release|Any CPU.Build.0 = Release|Any CPU
	EndGlobalSection
	GlobalSection(SolutionProperties) = preSolution
		HideSolutionNode = FALSE
	EndGlobalSection
	GlobalSection(ExtensibilityGlobals) = postSolution
		SolutionGuid = {C88F2878-AE8C-401A-ABEF-ECFDB2934BF0}
	EndGlobalSection
EndGlobal
